
Microsoft Visual Studio Solution File, Format Version 12.00
# Visual Studio Version 17
VisualStudioVersion = 17.13.35818.85
MinimumVisualStudioVersion = 10.0.40219.1
Project("{FAE04EC0-301F-11D3-BF4B-00C04F79EFBC}") = "BookStore_API", "Library_API\BookStore_API.csproj", "{92C5897F-B6C7-46CF-8FF0-DBEA271B29CE}"
EndProject
Global
	GlobalSection(SolutionConfigurationPlatforms) = preSolution
		Debug|Any CPU = Debug|Any CPU
		Release|Any CPU = Release|Any CPU
	EndGlobalSection
	GlobalSection(ProjectConfigurationPlatforms) = postSolution
		{92C5897F-B6C7-46CF-8FF0-DBEA271B29CE}.Debug|Any CPU.ActiveCfg = Debug|Any CPU
		{92C5897F-B6C7-46CF-8FF0-DBEA271B29CE}.Debug|Any CPU.Build.0 = Debug|Any CPU
		{92C5897F-B6C7-46CF-8FF0-DBEA271B29CE}.Release|Any CPU.ActiveCfg = Release|Any CPU
		{92C5897F-B6C7-46CF-8FF0-DBEA271B29CE}.Release|Any CPU.Build.0 = Release|Any CPU
	EndGlobalSection
	GlobalSection(SolutionProperties) = preSolution
		HideSolutionNode = FALSE
	EndGlobalSection
	GlobalSection(ExtensibilityGlobals) = postSolution
		SolutionGuid = {254C2D7B-C5D2-4F68-9E55-592A953E8AC2}
	EndGlobalSection
EndGlobal
