
Microsoft Visual Studio Solution File, Format Version 12.00
# Visual Studio Version 17
VisualStudioVersion = 17.11.35312.102
MinimumVisualStudioVersion = 10.0.40219.1
Project("{9A19103F-16F7-4668-BE54-9A1E7A4F7556}") = "BookStore_Client", "BookStore_Client.csproj", "{DEAB71F5-980A-4FCE-AA90-3923F1F255D5}"
EndProject
Global
	GlobalSection(SolutionConfigurationPlatforms) = preSolution
		Debug|Any CPU = Debug|Any CPU
		Release|Any CPU = Release|Any CPU
	EndGlobalSection
	GlobalSection(ProjectConfigurationPlatforms) = postSolution
		{DEAB71F5-980A-4FCE-AA90-3923F1F255D5}.Debug|Any CPU.ActiveCfg = Debug|Any CPU
		{DEAB71F5-980A-4FCE-AA90-3923F1F255D5}.Debug|Any CPU.Build.0 = Debug|Any CPU
		{DEAB71F5-980A-4FCE-AA90-3923F1F255D5}.Release|Any CPU.ActiveCfg = Release|Any CPU
		{DEAB71F5-980A-4FCE-AA90-3923F1F255D5}.Release|Any CPU.Build.0 = Release|Any CPU
	EndGlobalSection
	GlobalSection(SolutionProperties) = preSolution
		HideSolutionNode = FALSE
	EndGlobalSection
	GlobalSection(ExtensibilityGlobals) = postSolution
		SolutionGuid = {2DE9D596-988E-4057-A858-66420EB7AC98}
	EndGlobalSection
EndGlobal
